// !$*UTF8*$!
{
	archiveVersion = 1;
	classes = {
	};
	objectVersion = 55;
	objects = {

/* Begin PBXBuildFile section */
		15DB109228036EE400418438 /* AppDelegate.swift in Sources */ = {isa = PBXBuildFile; fileRef = 15DB109128036EE400418438 /* AppDelegate.swift */; };
		15DB109428036EE400418438 /* SceneDelegate.swift in Sources */ = {isa = PBXBuildFile; fileRef = 15DB109328036EE400418438 /* SceneDelegate.swift */; };
		15DB109628036EE400418438 /* ViewController.swift in Sources */ = {isa = PBXBuildFile; fileRef = 15DB109528036EE400418438 /* ViewController.swift */; };
		15DB109928036EE400418438 /* Main.storyboard in Resources */ = {isa = PBXBuildFile; fileRef = 15DB109728036EE400418438 /* Main.storyboard */; };
		15DB109B28036EE700418438 /* Assets.xcassets in Resources */ = {isa = PBXBuildFile; fileRef = 15DB109A28036EE700418438 /* Assets.xcassets */; };
		15DB109E28036EE700418438 /* LaunchScreen.storyboard in Resources */ = {isa = PBXBuildFile; fileRef = 15DB109C28036EE700418438 /* LaunchScreen.storyboard */; };
		15DB10A62803718900418438 /* CookingViewController.swift in Sources */ = {isa = PBXBuildFile; fileRef = 15DB10A52803718900418438 /* CookingViewController.swift */; };
		15DB10A92803734F00418438 /* billy-mays-but-im-not-done-yet.mp3 in Resources */ = {isa = PBXBuildFile; fileRef = 15DB10A72803734E00418438 /* billy-mays-but-im-not-done-yet.mp3 */; };
		15DB10AA2803734F00418438 /* Anakin What have i done Sound Effect.mp3 in Resources */ = {isa = PBXBuildFile; fileRef = 15DB10A82803734E00418438 /* Anakin What have i done Sound Effect.mp3 */; };
/* End PBXBuildFile section */

/* Begin PBXFileReference section */
		15DB108E28036EE400418438 /* Steak o'clock.app */ = {isa = PBXFileReference; explicitFileType = wrapper.application; includeInIndex = 0; path = "Steak o'clock.app"; sourceTree = BUILT_PRODUCTS_DIR; };
		15DB109128036EE400418438 /* AppDelegate.swift */ = {isa = PBXFileReference; lastKnownFileType = sourcecode.swift; path = AppDelegate.swift; sourceTree = "<group>"; };
		15DB109328036EE400418438 /* SceneDelegate.swift */ = {isa = PBXFileReference; lastKnownFileType = sourcecode.swift; path = SceneDelegate.swift; sourceTree = "<group>"; };
		15DB109528036EE400418438 /* ViewController.swift */ = {isa = PBXFileReference; lastKnownFileType = sourcecode.swift; path = ViewController.swift; sourceTree = "<group>"; };
		15DB109828036EE400418438 /* Base */ = {isa = PBXFileReference; lastKnownFileType = file.storyboard; name = Base; path = Base.lproj/Main.storyboard; sourceTree = "<group>"; };
		15DB109A28036EE700418438 /* Assets.xcassets */ = {isa = PBXFileReference; lastKnownFileType = folder.assetcatalog; path = Assets.xcassets; sourceTree = "<group>"; };
		15DB109D28036EE700418438 /* Base */ = {isa = PBXFileReference; lastKnownFileType = file.storyboard; name = Base; path = Base.lproj/LaunchScreen.storyboard; sourceTree = "<group>"; };
		15DB109F28036EE700418438 /* Info.plist */ = {isa = PBXFileReference; lastKnownFileType = text.plist.xml; path = Info.plist; sourceTree = "<group>"; };
		15DB10A52803718900418438 /* CookingViewController.swift */ = {isa = PBXFileReference; lastKnownFileType = sourcecode.swift; path = CookingViewController.swift; sourceTree = "<group>"; };
		15DB10A72803734E00418438 /* billy-mays-but-im-not-done-yet.mp3 */ = {isa = PBXFileReference; lastKnownFileType = audio.mp3; path = "billy-mays-but-im-not-done-yet.mp3"; sourceTree = "<group>"; };
		15DB10A82803734E00418438 /* Anakin What have i done Sound Effect.mp3 */ = {isa = PBXFileReference; lastKnownFileType = audio.mp3; path = "Anakin What have i done Sound Effect.mp3"; sourceTree = "<group>"; };
/* End PBXFileReference section */

/* Begin PBXFrameworksBuildPhase section */
		15DB108B28036EE400418438 /* Frameworks */ = {
			isa = PBXFrameworksBuildPhase;
			buildActionMask = 2147483647;
			files = (
			);
			runOnlyForDeploymentPostprocessing = 0;
		};
/* End PBXFrameworksBuildPhase section */

/* Begin PBXGroup section */
		15DB108528036EE400418438 = {
			isa = PBXGroup;
			children = (
				15DB109028036EE400418438 /* Steak o'clock */,
				15DB108F28036EE400418438 /* Products */,
			);
			sourceTree = "<group>";
		};
		15DB108F28036EE400418438 /* Products */ = {
			isa = PBXGroup;
			children = (
				15DB108E28036EE400418438 /* Steak o'clock.app */,
			);
			name = Products;
			sourceTree = "<group>";
		};
		15DB109028036EE400418438 /* Steak o'clock */ = {
			isa = PBXGroup;
			children = (
				15DB109128036EE400418438 /* AppDelegate.swift */,
				15DB109328036EE400418438 /* SceneDelegate.swift */,
				15DB109528036EE400418438 /* ViewController.swift */,
				15DB10A52803718900418438 /* CookingViewController.swift */,
				15DB109728036EE400418438 /* Main.storyboard */,
				15DB109A28036EE700418438 /* Assets.xcassets */,
				15DB109C28036EE700418438 /* LaunchScreen.storyboard */,
				15DB109F28036EE700418438 /* Info.plist */,
				15DB10A82803734E00418438 /* Anakin What have i done Sound Effect.mp3 */,
				15DB10A72803734E00418438 /* billy-mays-but-im-not-done-yet.mp3 */,
			);
			path = "Steak o'clock";
			sourceTree = "<group>";
		};
/* End PBXGroup section */

/* Begin PBXNativeTarget section */
		15DB108D28036EE400418438 /* Steak o'clock */ = {
			isa = PBXNativeTarget;
			buildConfigurationList = 15DB10A228036EE700418438 /* Build configuration list for PBXNativeTarget "Steak o'clock" */;
			buildPhases = (
				15DB108A28036EE400418438 /* Sources */,
				15DB108B28036EE400418438 /* Frameworks */,
				15DB108C28036EE400418438 /* Resources */,
			);
			buildRules = (
			);
			dependencies = (
			);
			name = "Steak o'clock";
			productName = "Steak o'clock";
			productReference = 15DB108E28036EE400418438 /* Steak o'clock.app */;
			productType = "com.apple.product-type.application";
		};
/* End PBXNativeTarget section */

/* Begin PBXProject section */
		15DB108628036EE400418438 /* Project object */ = {
			isa = PBXProject;
			attributes = {
				BuildIndependentTargetsInParallel = 1;
				LastSwiftUpdateCheck = 1330;
				LastUpgradeCheck = 1330;
				TargetAttributes = {
					15DB108D28036EE400418438 = {
						CreatedOnToolsVersion = 13.3;
					};
				};
			};
			buildConfigurationList = 15DB108928036EE400418438 /* Build configuration list for PBXProject "Steak o'clock" */;
			compatibilityVersion = "Xcode 13.0";
			developmentRegion = en;
			hasScannedForEncodings = 0;
			knownRegions = (
				en,
				Base,
			);
			mainGroup = 15DB108528036EE400418438;
			productRefGroup = 15DB108F28036EE400418438 /* Products */;
			projectDirPath = "";
			projectRoot = "";
			targets = (
				15DB108D28036EE400418438 /* Steak o'clock */,
			);
		};
/* End PBXProject section */

/* Begin PBXResourcesBuildPhase section */
		15DB108C28036EE400418438 /* Resources */ = {
			isa = PBXResourcesBuildPhase;
			buildActionMask = 2147483647;
			files = (
				15DB10AA2803734F00418438 /* Anakin What have i done Sound Effect.mp3 in Resources */,
				15DB109E28036EE700418438 /* LaunchScreen.storyboard in Resources */,
				15DB109B28036EE700418438 /* Assets.xcassets in Resources */,
				15DB10A92803734F00418438 /* billy-mays-but-im-not-done-yet.mp3 in Resources */,
				15DB109928036EE400418438 /* Main.storyboard in Resources */,
			);
			runOnlyForDeploymentPostprocessing = 0;
		};
/* End PBXResourcesBuildPhase section */

/* Begin PBXSourcesBuildPhase section */
		15DB108A28036EE400418438 /* Sources */ = {
			isa = PBXSourcesBuildPhase;
			buildActionMask = 2147483647;
			files = (
				15DB109628036EE400418438 /* ViewController.swift in Sources */,
				15DB109228036EE400418438 /* AppDelegate.swift in Sources */,
				15DB109428036EE400418438 /* SceneDelegate.swift in Sources */,
				15DB10A62803718900418438 /* CookingViewController.swift in Sources */,
			);
			runOnlyForDeploymentPostprocessing = 0;
		};
/* End PBXSourcesBuildPhase section */

/* Begin PBXVariantGroup section */
		15DB109728036EE400418438 /* Main.storyboard */ = {
			isa = PBXVariantGroup;
			children = (
				15DB109828036EE400418438 /* Base */,
			);
			name = Main.storyboard;
			sourceTree = "<group>";
		};
		15DB109C28036EE700418438 /* LaunchScreen.storyboard */ = {
			isa = PBXVariantGroup;
			children = (
				15DB109D28036EE700418438 /* Base */,
			);
			name = LaunchScreen.storyboard;
			sourceTree = "<group>";
		};
/* End PBXVariantGroup section */

/* Begin XCBuildConfiguration section */
		15DB10A028036EE700418438 /* Debug */ = {
			isa = XCBuildConfiguration;
			buildSettings = {
				ALWAYS_SEARCH_USER_PATHS = NO;
				CLANG_ANALYZER_NONNULL = YES;
				CLANG_ANALYZER_NUMBER_OBJECT_CONVERSION = YES_AGGRESSIVE;
				CLANG_CXX_LANGUAGE_STANDARD = "gnu++17";
				CLANG_ENABLE_MODULES = YES;
				CLANG_ENABLE_OBJC_ARC = YES;
				CLANG_ENABLE_OBJC_WEAK = YES;
				CLANG_WARN_BLOCK_CAPTURE_AUTORELEASING = YES;
				CLANG_WARN_BOOL_CONVERSION = YES;
				CLANG_WARN_COMMA = YES;
				CLANG_WARN_CONSTANT_CONVERSION = YES;
				CLANG_WARN_DEPRECATED_OBJC_IMPLEMENTATIONS = YES;
				CLANG_WARN_DIRECT_OBJC_ISA_USAGE = YES_ERROR;
				CLANG_WARN_DOCUMENTATION_COMMENTS = YES;
				CLANG_WARN_EMPTY_BODY = YES;
				CLANG_WARN_ENUM_CONVERSION = YES;
				CLANG_WARN_INFINITE_RECURSION = YES;
				CLANG_WARN_INT_CONVERSION = YES;
				CLANG_WARN_NON_LITERAL_NULL_CONVERSION = YES;
				CLANG_WARN_OBJC_IMPLICIT_RETAIN_SELF = YES;
				CLANG_WARN_OBJC_LITERAL_CONVERSION = YES;
				CLANG_WARN_OBJC_ROOT_CLASS = YES_ERROR;
				CLANG_WARN_QUOTED_INCLUDE_IN_FRAMEWORK_HEADER = YES;
				CLANG_WARN_RANGE_LOOP_ANALYSIS = YES;
				CLANG_WARN_STRICT_PROTOTYPES = YES;
				CLANG_WARN_SUSPICIOUS_MOVE = YES;
				CLANG_WARN_UNGUARDED_AVAILABILITY = YES_AGGRESSIVE;
				CLANG_WARN_UNREACHABLE_CODE = YES;
				CLANG_WARN__DUPLICATE_METHOD_MATCH = YES;
				COPY_PHASE_STRIP = NO;
				DEBUG_INFORMATION_FORMAT = dwarf;
				ENABLE_STRICT_OBJC_MSGSEND = YES;
				ENABLE_TESTABILITY = YES;
				GCC_C_LANGUAGE_STANDARD = gnu11;
				GCC_DYNAMIC_NO_PIC = NO;
				GCC_NO_COMMON_BLOCKS = YES;
				GCC_OPTIMIZATION_LEVEL = 0;
				GCC_PREPROCESSOR_DEFINITIONS = (
					"DEBUG=1",
					"$(inherited)",
				);
				GCC_WARN_64_TO_32_BIT_CONVERSION = YES;
				GCC_WARN_ABOUT_RETURN_TYPE = YES_ERROR;
				GCC_WARN_UNDECLARED_SELECTOR = YES;
				GCC_WARN_UNINITIALIZED_AUTOS = YES_AGGRESSIVE;
				GCC_WARN_UNUSED_FUNCTION = YES;
				GCC_WARN_UNUSED_VARIABLE = YES;
				IPHONEOS_DEPLOYMENT_TARGET = 15.4;
				MTL_ENABLE_DEBUG_INFO = INCLUDE_SOURCE;
				MTL_FAST_MATH = YES;
				ONLY_ACTIVE_ARCH = YES;
				SDKROOT = iphoneos;
				SWIFT_ACTIVE_COMPILATION_CONDITIONS = DEBUG;
				SWIFT_OPTIMIZATION_LEVEL = "-Onone";
			};
			name = Debug;
		};
		15DB10A128036EE700418438 /* Release */ = {
			isa = XCBuildConfiguration;
			buildSettings = {
				ALWAYS_SEARCH_USER_PATHS = NO;
				CLANG_ANALYZER_NONNULL = YES;
				CLANG_ANALYZER_NUMBER_OBJECT_CONVERSION = YES_AGGRESSIVE;
				CLANG_CXX_LANGUAGE_STANDARD = "gnu++17";
				CLANG_ENABLE_MODULES = YES;
				CLANG_ENABLE_OBJC_ARC = YES;
				CLANG_ENABLE_OBJC_WEAK = YES;
				CLANG_WARN_BLOCK_CAPTURE_AUTORELEASING = YES;
				CLANG_WARN_BOOL_CONVERSION = YES;
				CLANG_WARN_COMMA = YES;
				CLANG_WARN_CONSTANT_CONVERSION = YES;
				CLANG_WARN_DEPRECATED_OBJC_IMPLEMENTATIONS = YES;
				CLANG_WARN_DIRECT_OBJC_ISA_USAGE = YES_ERROR;
				CLANG_WARN_DOCUMENTATION_COMMENTS = YES;
				CLANG_WARN_EMPTY_BODY = YES;
				CLANG_WARN_ENUM_CONVERSION = YES;
				CLANG_WARN_INFINITE_RECURSION = YES;
				CLANG_WARN_INT_CONVERSION = YES;
				CLANG_WARN_NON_LITERAL_NULL_CONVERSION = YES;
				CLANG_WARN_OBJC_IMPLICIT_RETAIN_SELF = YES;
				CLANG_WARN_OBJC_LITERAL_CONVERSION = YES;
				CLANG_WARN_OBJC_ROOT_CLASS = YES_ERROR;
				CLANG_WARN_QUOTED_INCLUDE_IN_FRAMEWORK_HEADER = YES;
				CLANG_WARN_RANGE_LOOP_ANALYSIS = YES;
				CLANG_WARN_STRICT_PROTOTYPES = YES;
				CLANG_WARN_SUSPICIOUS_MOVE = YES;
				CLANG_WARN_UNGUARDED_AVAILABILITY = YES_AGGRESSIVE;
				CLANG_WARN_UNREACHABLE_CODE = YES;
				CLANG_WARN__DUPLICATE_METHOD_MATCH = YES;
				COPY_PHASE_STRIP = NO;
				DEBUG_INFORMATION_FORMAT = "dwarf-with-dsym";
				ENABLE_NS_ASSERTIONS = NO;
				ENABLE_STRICT_OBJC_MSGSEND = YES;
				GCC_C_LANGUAGE_STANDARD = gnu11;
				GCC_NO_COMMON_BLOCKS = YES;
				GCC_WARN_64_TO_32_BIT_CONVERSION = YES;
				GCC_WARN_ABOUT_RETURN_TYPE = YES_ERROR;
				GCC_WARN_UNDECLARED_SELECTOR = YES;
				GCC_WARN_UNINITIALIZED_AUTOS = YES_AGGRESSIVE;
				GCC_WARN_UNUSED_FUNCTION = YES;
				GCC_WARN_UNUSED_VARIABLE = YES;
				IPHONEOS_DEPLOYMENT_TARGET = 15.4;
				MTL_ENABLE_DEBUG_INFO = NO;
				MTL_FAST_MATH = YES;
				SDKROOT = iphoneos;
				SWIFT_COMPILATION_MODE = wholemodule;
				SWIFT_OPTIMIZATION_LEVEL = "-O";
				VALIDATE_PRODUCT = YES;
			};
			name = Release;
		};
		15DB10A328036EE700418438 /* Debug */ = {
			isa = XCBuildConfiguration;
			buildSettings = {
				ASSETCATALOG_COMPILER_APPICON_NAME = AppIcon;
				ASSETCATALOG_COMPILER_GLOBAL_ACCENT_COLOR_NAME = AccentColor;
				CODE_SIGN_STYLE = Automatic;
				CURRENT_PROJECT_VERSION = 1;
				DEVELOPMENT_TEAM = 25JMG53SY2;
				GENERATE_INFOPLIST_FILE = YES;
				INFOPLIST_FILE = "Steak o'clock/Info.plist";
				INFOPLIST_KEY_UIApplicationSupportsIndirectInputEvents = YES;
				INFOPLIST_KEY_UILaunchStoryboardName = LaunchScreen;
				INFOPLIST_KEY_UIMainStoryboardFile = Main;
				INFOPLIST_KEY_UISupportedInterfaceOrientations_iPad = "UIInterfaceOrientationPortrait UIInterfaceOrientationPortraitUpsideDown UIInterfaceOrientationLandscapeLeft UIInterfaceOrientationLandscapeRight";
				INFOPLIST_KEY_UISupportedInterfaceOrientations_iPhone = "UIInterfaceOrientationPortrait UIInterfaceOrientationLandscapeLeft UIInterfaceOrientationLandscapeRight";
				LD_RUNPATH_SEARCH_PATHS = (
					"$(inherited)",
					"@executable_path/Frameworks",
				);
				MARKETING_VERSION = 1.0;
				PRODUCT_BUNDLE_IDENTIFIER = "Szymon-Wnuk.Steak-o-clock";
				PRODUCT_NAME = "$(TARGET_NAME)";
				SWIFT_EMIT_LOC_STRINGS = YES;
				SWIFT_VERSION = 5.0;
				TARGETED_DEVICE_FAMILY = "1,2";
			};
			name = Debug;
		};
		15DB10A428036EE700418438 /* Release */ = {
			isa = XCBuildConfiguration;
			buildSettings = {
				ASSETCATALOG_COMPILER_APPICON_NAME = AppIcon;
				ASSETCATALOG_COMPILER_GLOBAL_ACCENT_COLOR_NAME = AccentColor;
				CODE_SIGN_STYLE = Automatic;
				CURRENT_PROJECT_VERSION = 1;
				DEVELOPMENT_TEAM = 25JMG53SY2;
				GENERATE_INFOPLIST_FILE = YES;
				INFOPLIST_FILE = "Steak o'clock/Info.plist";
				INFOPLIST_KEY_UIApplicationSupportsIndirectInputEvents = YES;
				INFOPLIST_KEY_UILaunchStoryboardName = LaunchScreen;
				INFOPLIST_KEY_UIMainStoryboardFile = Main;
				INFOPLIST_KEY_UISupportedInterfaceOrientations_iPad = "UIInterfaceOrientationPortrait UIInterfaceOrientationPortraitUpsideDown UIInterfaceOrientationLandscapeLeft UIInterfaceOrientationLandscapeRight";
				INFOPLIST_KEY_UISupportedInterfaceOrientations_iPhone = "UIInterfaceOrientationPortrait UIInterfaceOrientationLandscapeLeft UIInterfaceOrientationLandscapeRight";
				LD_RUNPATH_SEARCH_PATHS = (
					"$(inherited)",
					"@executable_path/Frameworks",
				);
				MARKETING_VERSION = 1.0;
				PRODUCT_BUNDLE_IDENTIFIER = "Szymon-Wnuk.Steak-o-clock";
				PRODUCT_NAME = "$(TARGET_NAME)";
				SWIFT_EMIT_LOC_STRINGS = YES;
				SWIFT_VERSION = 5.0;
				TARGETED_DEVICE_FAMILY = "1,2";
			};
			name = Release;
		};
/* End XCBuildConfiguration section */

/* Begin XCConfigurationList section */
		15DB108928036EE400418438 /* Build configuration list for PBXProject "Steak o'clock" */ = {
			isa = XCConfigurationList;
			buildConfigurations = (
				15DB10A028036EE700418438 /* Debug */,
				15DB10A128036EE700418438 /* Release */,
			);
			defaultConfigurationIsVisible = 0;
			defaultConfigurationName = Release;
		};
		15DB10A228036EE700418438 /* Build configuration list for PBXNativeTarget "Steak o'clock" */ = {
			isa = XCConfigurationList;
			buildConfigurations = (
				15DB10A328036EE700418438 /* Debug */,
				15DB10A428036EE700418438 /* Release */,
			);
			defaultConfigurationIsVisible = 0;
			defaultConfigurationName = Release;
		};
/* End XCConfigurationList section */
	};
	rootObject = 15DB108628036EE400418438 /* Project object */;
}
